// !$*UTF8*$!
{
	archiveVersion = 1;
	classes = {
	};
	objectVersion = 51;
	objects = {

/* Begin PBXBuildFile section */
		3704879324B1A6550040783E /* style.json in Resources */ = {isa = PBXBuildFile; fileRef = 3704879224B1A6550040783E /* style.json */; };
		370F77502483FA4D0043D964 /* CountryCoordinateDTO.swift in Sources */ = {isa = PBXBuildFile; fileRef = 370F774F2483FA4D0043D964 /* CountryCoordinateDTO.swift */; };
		370F775224848AC80043D964 /* CLLocationCoordinate2DExtension.swift in Sources */ = {isa = PBXBuildFile; fileRef = 370F775124848AC80043D964 /* CLLocationCoordinate2DExtension.swift */; };
		370F775424848C480043D964 /* MapViewModelTests.swift in Sources */ = {isa = PBXBuildFile; fileRef = 370F775324848C480043D964 /* MapViewModelTests.swift */; };
		371CC150247CBA79008CF924 /* Keys.swift in Sources */ = {isa = PBXBuildFile; fileRef = 371CC14F247CBA79008CF924 /* Keys.swift */; };
		371E55F4247215EA00B9F4CB /* AppDelegate.swift in Sources */ = {isa = PBXBuildFile; fileRef = 371E55F3247215EA00B9F4CB /* AppDelegate.swift */; };
		371E55F6247215EA00B9F4CB /* SceneDelegate.swift in Sources */ = {isa = PBXBuildFile; fileRef = 371E55F5247215EA00B9F4CB /* SceneDelegate.swift */; };
		371E55F8247215EA00B9F4CB /* MapViewController.swift in Sources */ = {isa = PBXBuildFile; fileRef = 371E55F7247215EA00B9F4CB /* MapViewController.swift */; };
		371E55FB247215EA00B9F4CB /* Main.storyboard in Resources */ = {isa = PBXBuildFile; fileRef = 371E55F9247215EA00B9F4CB /* Main.storyboard */; };
		371E55FD247215EB00B9F4CB /* Assets.xcassets in Resources */ = {isa = PBXBuildFile; fileRef = 371E55FC247215EB00B9F4CB /* Assets.xcassets */; };
		371E5600247215EB00B9F4CB /* LaunchScreen.storyboard in Resources */ = {isa = PBXBuildFile; fileRef = 371E55FE247215EB00B9F4CB /* LaunchScreen.storyboard */; };
		371E5616247215EB00B9F4CB /* MapNewsUITests.swift in Sources */ = {isa = PBXBuildFile; fileRef = 371E5615247215EB00B9F4CB /* MapNewsUITests.swift */; };
		373B208E24D6F4C6008C7036 /* TimeUtil.swift in Sources */ = {isa = PBXBuildFile; fileRef = 373B208D24D6F4C6008C7036 /* TimeUtil.swift */; };
		373B208F24D6F51E008C7036 /* TimeUtil.swift in Sources */ = {isa = PBXBuildFile; fileRef = 373B208D24D6F4C6008C7036 /* TimeUtil.swift */; };
		373B209024D6F51F008C7036 /* TimeUtil.swift in Sources */ = {isa = PBXBuildFile; fileRef = 373B208D24D6F4C6008C7036 /* TimeUtil.swift */; };
		373B209224D6FAD4008C7036 /* TimeUtilTests.swift in Sources */ = {isa = PBXBuildFile; fileRef = 373B209124D6FAD4008C7036 /* TimeUtilTests.swift */; };
		374526E324CF10B700922689 /* RequestBuilder.swift in Sources */ = {isa = PBXBuildFile; fileRef = 374526E224CF10B700922689 /* RequestBuilder.swift */; };
		374526E524CF139F00922689 /* RequestBuilderTests.swift in Sources */ = {isa = PBXBuildFile; fileRef = 374526E424CF139F00922689 /* RequestBuilderTests.swift */; };
		374526E624CF13A500922689 /* RequestBuilder.swift in Sources */ = {isa = PBXBuildFile; fileRef = 374526E224CF10B700922689 /* RequestBuilder.swift */; };
		37463CB1248B7ACF00AA53C5 /* SQLSelect.swift in Sources */ = {isa = PBXBuildFile; fileRef = 37463CB0248B7ACF00AA53C5 /* SQLSelect.swift */; };
		37463CB3248B7D1100AA53C5 /* SQLType.swift in Sources */ = {isa = PBXBuildFile; fileRef = 37463CB2248B7D1100AA53C5 /* SQLType.swift */; };
		37463CB5248B7DC900AA53C5 /* SQLString.swift in Sources */ = {isa = PBXBuildFile; fileRef = 37463CB4248B7DC900AA53C5 /* SQLString.swift */; };
		37463CB9248B873400AA53C5 /* SQLDouble.swift in Sources */ = {isa = PBXBuildFile; fileRef = 37463CB8248B873400AA53C5 /* SQLDouble.swift */; };
		37463CBC248BC67600AA53C5 /* SQLInsert.swift in Sources */ = {isa = PBXBuildFile; fileRef = 37463CBB248BC67600AA53C5 /* SQLInsert.swift */; };
		37463CBE248BCA3500AA53C5 /* SQLCommand.swift in Sources */ = {isa = PBXBuildFile; fileRef = 37463CBD248BCA3500AA53C5 /* SQLCommand.swift */; };
		37509FDA248BCD20006E4D36 /* SQLCreate.swift in Sources */ = {isa = PBXBuildFile; fileRef = 37509FD9248BCD20006E4D36 /* SQLCreate.swift */; };
		37509FDC248BCF0C006E4D36 /* SQLDelete.swift in Sources */ = {isa = PBXBuildFile; fileRef = 37509FDB248BCF0C006E4D36 /* SQLDelete.swift */; };
		37509FDE248BD038006E4D36 /* Commands.swift in Sources */ = {isa = PBXBuildFile; fileRef = 37509FDD248BD038006E4D36 /* Commands.swift */; };
		37509FE0248BD4BA006E4D36 /* Seed.swift in Sources */ = {isa = PBXBuildFile; fileRef = 37509FDF248BD4BA006E4D36 /* Seed.swift */; };
		37509FE2248BD71D006E4D36 /* SQLDatabaseTests.swift in Sources */ = {isa = PBXBuildFile; fileRef = 37509FE1248BD71D006E4D36 /* SQLDatabaseTests.swift */; };
		37509FE3248BD856006E4D36 /* SQLCommand.swift in Sources */ = {isa = PBXBuildFile; fileRef = 37463CBD248BCA3500AA53C5 /* SQLCommand.swift */; };
		37509FE4248BD859006E4D36 /* SQLSelect.swift in Sources */ = {isa = PBXBuildFile; fileRef = 37463CB0248B7ACF00AA53C5 /* SQLSelect.swift */; };
		37509FE5248BD85B006E4D36 /* SQLInsert.swift in Sources */ = {isa = PBXBuildFile; fileRef = 37463CBB248BC67600AA53C5 /* SQLInsert.swift */; };
		37509FE6248BD85C006E4D36 /* SQLCreate.swift in Sources */ = {isa = PBXBuildFile; fileRef = 37509FD9248BCD20006E4D36 /* SQLCreate.swift */; };
		37509FE7248BD85F006E4D36 /* SQLDelete.swift in Sources */ = {isa = PBXBuildFile; fileRef = 37509FDB248BCF0C006E4D36 /* SQLDelete.swift */; };
		37509FE8248BD863006E4D36 /* Commands.swift in Sources */ = {isa = PBXBuildFile; fileRef = 37509FDD248BD038006E4D36 /* Commands.swift */; };
		37509FE9248BD865006E4D36 /* Seed.swift in Sources */ = {isa = PBXBuildFile; fileRef = 37509FDF248BD4BA006E4D36 /* Seed.swift */; };
		3759921F2476029900F36806 /* MapNewsView.swift in Sources */ = {isa = PBXBuildFile; fileRef = 3759921E2476029900F36806 /* MapNewsView.swift */; };
		375992222476088B00F36806 /* MapNewsClient.swift in Sources */ = {isa = PBXBuildFile; fileRef = 375992212476088B00F36806 /* MapNewsClient.swift */; };
		375E11FE249F0A3A00618F41 /* Identifiers.swift in Sources */ = {isa = PBXBuildFile; fileRef = 375E11FD249F0A3A00618F41 /* Identifiers.swift */; };
		375E11FF249F0A7900618F41 /* Identifiers.swift in Sources */ = {isa = PBXBuildFile; fileRef = 375E11FD249F0A3A00618F41 /* Identifiers.swift */; };
		375F5EFF2499A92D00C89502 /* AccessibilityIdentifierUtil.swift in Sources */ = {isa = PBXBuildFile; fileRef = 375F5EFE2499A92D00C89502 /* AccessibilityIdentifierUtil.swift */; };
		375F5F002499AA2200C89502 /* AccessibilityIdentifierUtil.swift in Sources */ = {isa = PBXBuildFile; fileRef = 375F5EFE2499A92D00C89502 /* AccessibilityIdentifierUtil.swift */; };
		376273FD2491C26700149179 /* LoadingBar.swift in Sources */ = {isa = PBXBuildFile; fileRef = 376273FC2491C26700149179 /* LoadingBar.swift */; };
		376273FF24926F4500149179 /* ArticleBuilder.swift in Sources */ = {isa = PBXBuildFile; fileRef = 376273FE24926F4500149179 /* ArticleBuilder.swift */; };
		376274002492739300149179 /* ArticleBuilder.swift in Sources */ = {isa = PBXBuildFile; fileRef = 376273FE24926F4500149179 /* ArticleBuilder.swift */; };
		376274012492739600149179 /* LoadingBar.swift in Sources */ = {isa = PBXBuildFile; fileRef = 376273FC2491C26700149179 /* LoadingBar.swift */; };
		3762740524927A3A00149179 /* NewsClient.swift in Sources */ = {isa = PBXBuildFile; fileRef = 3762740424927A3A00149179 /* NewsClient.swift */; };
		3762740624930DDC00149179 /* NewsClient.swift in Sources */ = {isa = PBXBuildFile; fileRef = 3762740424927A3A00149179 /* NewsClient.swift */; };
		37627408249323BC00149179 /* ArticleBuilderTests.swift in Sources */ = {isa = PBXBuildFile; fileRef = 37627407249323BC00149179 /* ArticleBuilderTests.swift */; };
		3762740B2493276000149179 /* InfoWindowTests.swift in Sources */ = {isa = PBXBuildFile; fileRef = 3762740A2493276000149179 /* InfoWindowTests.swift */; };
		376374BC248FCDA2001A8A6C /* InfoWindow.swift in Sources */ = {isa = PBXBuildFile; fileRef = 376374BB248FCDA2001A8A6C /* InfoWindow.swift */; };
		376374BD248FE484001A8A6C /* InfoWindow.swift in Sources */ = {isa = PBXBuildFile; fileRef = 376374BB248FCDA2001A8A6C /* InfoWindow.swift */; };
		376374C124909BA7001A8A6C /* MapViewControllerTests.swift in Sources */ = {isa = PBXBuildFile; fileRef = 376374C024909BA6001A8A6C /* MapViewControllerTests.swift */; };
		376374C42490ADE0001A8A6C /* Model.swift in Sources */ = {isa = PBXBuildFile; fileRef = 376374C32490ADE0001A8A6C /* Model.swift */; };
		376374C52490B046001A8A6C /* Model.swift in Sources */ = {isa = PBXBuildFile; fileRef = 376374C32490ADE0001A8A6C /* Model.swift */; };
		376C8487247E0BFE0049D811 /* StringExtension.swift in Sources */ = {isa = PBXBuildFile; fileRef = 376C8486247E0BFE0049D811 /* StringExtension.swift */; };
		376C8489247E0C1C0049D811 /* StringExtensionTests.swift in Sources */ = {isa = PBXBuildFile; fileRef = 376C8488247E0C1C0049D811 /* StringExtensionTests.swift */; };
		37742EA424AC472300433AEF /* WebsiteViewController.swift in Sources */ = {isa = PBXBuildFile; fileRef = 37742EA324AC472300433AEF /* WebsiteViewController.swift */; };
		37742EA624AD68AA00433AEF /* InfoWindowObserver.swift in Sources */ = {isa = PBXBuildFile; fileRef = 37742EA524AD68AA00433AEF /* InfoWindowObserver.swift */; };
		37742EA724AD723100433AEF /* InfoWindowObserver.swift in Sources */ = {isa = PBXBuildFile; fileRef = 37742EA524AD68AA00433AEF /* InfoWindowObserver.swift */; };
		37742EA824AD723400433AEF /* InfoWindowObserver.swift in Sources */ = {isa = PBXBuildFile; fileRef = 37742EA524AD68AA00433AEF /* InfoWindowObserver.swift */; };
		37742EAA24ADB69B00433AEF /* XCTestCaseExtension.swift in Sources */ = {isa = PBXBuildFile; fileRef = 37742EA924ADB69B00433AEF /* XCTestCaseExtension.swift */; };
		37770C84248287B400B85B95 /* MapViewModel.swift in Sources */ = {isa = PBXBuildFile; fileRef = 37770C83248287B400B85B95 /* MapViewModel.swift */; };
		377AB7242485E21800C0F72E /* MapNewsMarker.swift in Sources */ = {isa = PBXBuildFile; fileRef = 377AB7232485E21800C0F72E /* MapNewsMarker.swift */; };
		377AB7282487322A00C0F72E /* Selector.swift in Sources */ = {isa = PBXBuildFile; fileRef = 377AB7272487322A00C0F72E /* Selector.swift */; };
		377AB73124887EC600C0F72E /* MapConstants.swift in Sources */ = {isa = PBXBuildFile; fileRef = 377AB73024887EC600C0F72E /* MapConstants.swift */; };
		377AB7322488885700C0F72E /* MapConstants.swift in Sources */ = {isa = PBXBuildFile; fileRef = 377AB73024887EC600C0F72E /* MapConstants.swift */; };
		377AB7332488885F00C0F72E /* Coordinates.swift in Sources */ = {isa = PBXBuildFile; fileRef = 37A8BC57247C2A2B00FFEBC5 /* Coordinates.swift */; };
		377AB734248888AC00C0F72E /* MapViewModel.swift in Sources */ = {isa = PBXBuildFile; fileRef = 37770C83248287B400B85B95 /* MapViewModel.swift */; };
		377AB7352488A89800C0F72E /* Database.swift in Sources */ = {isa = PBXBuildFile; fileRef = 37A8BC5B247CA46000FFEBC5 /* Database.swift */; };
		377AB7362488A89B00C0F72E /* CountryCoordinateDTO.swift in Sources */ = {isa = PBXBuildFile; fileRef = 370F774F2483FA4D0043D964 /* CountryCoordinateDTO.swift */; };
		377AB7372488A89E00C0F72E /* SQLDatabase.swift in Sources */ = {isa = PBXBuildFile; fileRef = 37A8BC53247BEAB200FFEBC5 /* SQLDatabase.swift */; };
		377AB7382488A8A100C0F72E /* Constants.swift in Sources */ = {isa = PBXBuildFile; fileRef = 37AAD42B247F460E008CD404 /* Constants.swift */; };
		377AB7392488A8A300C0F72E /* MapNewsSelectorObserver.swift in Sources */ = {isa = PBXBuildFile; fileRef = 37A2D8EE247B9F4700696F24 /* MapNewsSelectorObserver.swift */; };
		377AB73A2488A8A500C0F72E /* Selector.swift in Sources */ = {isa = PBXBuildFile; fileRef = 377AB7272487322A00C0F72E /* Selector.swift */; };
		377AB73C2488A8AA00C0F72E /* MapNewsSelector.swift in Sources */ = {isa = PBXBuildFile; fileRef = 37A2D8EA247B8C6D00696F24 /* MapNewsSelector.swift */; };
		377AB73E2488A9FB00C0F72E /* StringExtension.swift in Sources */ = {isa = PBXBuildFile; fileRef = 376C8486247E0BFE0049D811 /* StringExtension.swift */; };
		377AB73F2488AA1200C0F72E /* CLLocationCoordinate2DExtension.swift in Sources */ = {isa = PBXBuildFile; fileRef = 370F775124848AC80043D964 /* CLLocationCoordinate2DExtension.swift */; };
		377AB7462489D0A600C0F72E /* MapNewsSelectorTests.swift in Sources */ = {isa = PBXBuildFile; fileRef = 377AB7452489D0A600C0F72E /* MapNewsSelectorTests.swift */; };
		377AB7472489E86500C0F72E /* MapViewController.swift in Sources */ = {isa = PBXBuildFile; fileRef = 371E55F7247215EA00B9F4CB /* MapViewController.swift */; };
		377AB7482489EE1400C0F72E /* MapNewsMarker.swift in Sources */ = {isa = PBXBuildFile; fileRef = 377AB7232485E21800C0F72E /* MapNewsMarker.swift */; };
		377AB7492489EE1600C0F72E /* MapNewsView.swift in Sources */ = {isa = PBXBuildFile; fileRef = 3759921E2476029900F36806 /* MapNewsView.swift */; };
		377AB74C2489F99B00C0F72E /* SelectorObserverStub.swift in Sources */ = {isa = PBXBuildFile; fileRef = 377AB74B2489F99B00C0F72E /* SelectorObserverStub.swift */; };
		377E563B248D2D1300ED58F2 /* JSONParser.swift in Sources */ = {isa = PBXBuildFile; fileRef = 377E563A248D2D1300ED58F2 /* JSONParser.swift */; };
		377E563C248D2EF700ED58F2 /* JSONParser.swift in Sources */ = {isa = PBXBuildFile; fileRef = 377E563A248D2D1300ED58F2 /* JSONParser.swift */; };
		377E563E248DB3F400ED58F2 /* ArticleDTO.swift in Sources */ = {isa = PBXBuildFile; fileRef = 377E563D248DB3F400ED58F2 /* ArticleDTO.swift */; };
		377E5641248DB64800ED58F2 /* ArticleDTOTests.swift in Sources */ = {isa = PBXBuildFile; fileRef = 377E5640248DB64800ED58F2 /* ArticleDTOTests.swift */; };
		377E5642248DB69A00ED58F2 /* ArticleDTO.swift in Sources */ = {isa = PBXBuildFile; fileRef = 377E563D248DB3F400ED58F2 /* ArticleDTO.swift */; };
		3787BC49248CC6510090CE8C /* Keys.swift in Sources */ = {isa = PBXBuildFile; fileRef = 371CC14F247CBA79008CF924 /* Keys.swift */; };
		379B1EE42497C082002E741B /* LoadingBarTests.swift in Sources */ = {isa = PBXBuildFile; fileRef = 379B1EE32497C082002E741B /* LoadingBarTests.swift */; };
		37A2D8EB247B8C6D00696F24 /* MapNewsSelector.swift in Sources */ = {isa = PBXBuildFile; fileRef = 37A2D8EA247B8C6D00696F24 /* MapNewsSelector.swift */; };
		37A2D8EF247B9F4700696F24 /* MapNewsSelectorObserver.swift in Sources */ = {isa = PBXBuildFile; fileRef = 37A2D8EE247B9F4700696F24 /* MapNewsSelectorObserver.swift */; };
		37A8BC54247BEAB200FFEBC5 /* SQLDatabase.swift in Sources */ = {isa = PBXBuildFile; fileRef = 37A8BC53247BEAB200FFEBC5 /* SQLDatabase.swift */; };
		37A8BC56247BEE2000FFEBC5 /* coordinates.txt in Resources */ = {isa = PBXBuildFile; fileRef = 37A8BC55247BEE1F00FFEBC5 /* coordinates.txt */; };
		37A8BC58247C2A2B00FFEBC5 /* Coordinates.swift in Sources */ = {isa = PBXBuildFile; fileRef = 37A8BC57247C2A2B00FFEBC5 /* Coordinates.swift */; };
		37A8BC5C247CA46000FFEBC5 /* Database.swift in Sources */ = {isa = PBXBuildFile; fileRef = 37A8BC5B247CA46000FFEBC5 /* Database.swift */; };
		37AAD42C247F460E008CD404 /* Constants.swift in Sources */ = {isa = PBXBuildFile; fileRef = 37AAD42B247F460E008CD404 /* Constants.swift */; };
		37B3025C24A2DC8F0047EF6E /* JsonParserTests.swift in Sources */ = {isa = PBXBuildFile; fileRef = 37B3025B24A2DC8F0047EF6E /* JsonParserTests.swift */; };
		37B97A72248BD8CD00D0C655 /* SQLType.swift in Sources */ = {isa = PBXBuildFile; fileRef = 37463CB2248B7D1100AA53C5 /* SQLType.swift */; };
		37B97A73248BD8CF00D0C655 /* SQLString.swift in Sources */ = {isa = PBXBuildFile; fileRef = 37463CB4248B7DC900AA53C5 /* SQLString.swift */; };
		37B97A74248BD8D100D0C655 /* SQLDouble.swift in Sources */ = {isa = PBXBuildFile; fileRef = 37463CB8248B873400AA53C5 /* SQLDouble.swift */; };
		37B97A76248BF62900D0C655 /* SQLInteger.swift in Sources */ = {isa = PBXBuildFile; fileRef = 37B97A75248BF62900D0C655 /* SQLInteger.swift */; };
		37B97A77248BF6DE00D0C655 /* SQLInteger.swift in Sources */ = {isa = PBXBuildFile; fileRef = 37B97A75248BF62900D0C655 /* SQLInteger.swift */; };
		37B97A79248C9C8F00D0C655 /* MapNewsViewTests.swift in Sources */ = {isa = PBXBuildFile; fileRef = 37B97A78248C9C8F00D0C655 /* MapNewsViewTests.swift */; };
		37B97A7B248C9FC800D0C655 /* MapNewsMarkerTests.swift in Sources */ = {isa = PBXBuildFile; fileRef = 37B97A7A248C9FC800D0C655 /* MapNewsMarkerTests.swift */; };
		37B97A7D248CC5A100D0C655 /* MapNewsClientTests.swift in Sources */ = {isa = PBXBuildFile; fileRef = 37B97A7C248CC5A100D0C655 /* MapNewsClientTests.swift */; };
		37B97A7E248CC5C500D0C655 /* MapNewsClient.swift in Sources */ = {isa = PBXBuildFile; fileRef = 375992212476088B00F36806 /* MapNewsClient.swift */; };
		37B9CBDE248DF3880050C82D /* MapViewModelObserver.swift in Sources */ = {isa = PBXBuildFile; fileRef = 37B9CBDD248DF3880050C82D /* MapViewModelObserver.swift */; };
		37B9CBDF248E0E6E0050C82D /* MapViewModelObserver.swift in Sources */ = {isa = PBXBuildFile; fileRef = 37B9CBDD248DF3880050C82D /* MapViewModelObserver.swift */; };
		37C70F95249F0B0A00AD10BD /* Identifiers.swift in Sources */ = {isa = PBXBuildFile; fileRef = 375E11FD249F0A3A00618F41 /* Identifiers.swift */; };
		37DB5B8F24AF1F2A0035F58D /* WebsiteViewController.swift in Sources */ = {isa = PBXBuildFile; fileRef = 37742EA324AC472300433AEF /* WebsiteViewController.swift */; };
		37EFFBF724985016006F0EA1 /* CLLocationCoordinate2DExtensionTests.swift in Sources */ = {isa = PBXBuildFile; fileRef = 37EFFBF624985016006F0EA1 /* CLLocationCoordinate2DExtensionTests.swift */; };
		37EFFBF924985451006F0EA1 /* CoordinatesTests.swift in Sources */ = {isa = PBXBuildFile; fileRef = 37EFFBF824985451006F0EA1 /* CoordinatesTests.swift */; };
		9F3FD826DC796C2DD8EA3431 /* Pods_MapNews_MapNewsUITests.framework in Frameworks */ = {isa = PBXBuildFile; fileRef = AA990002AD934F464FDBF057 /* Pods_MapNews_MapNewsUITests.framework */; };
		B181398627D730A9EED7952C /* Pods_MapNewsTests.framework in Frameworks */ = {isa = PBXBuildFile; fileRef = 8D26964F414B1255CC75634A /* Pods_MapNewsTests.framework */; };
/* End PBXBuildFile section */

/* Begin PBXContainerItemProxy section */
		371E5607247215EB00B9F4CB /* PBXContainerItemProxy */ = {
			isa = PBXContainerItemProxy;
			containerPortal = 371E55E8247215EA00B9F4CB /* Project object */;
			proxyType = 1;
			remoteGlobalIDString = 371E55EF247215EA00B9F4CB;
			remoteInfo = MapNews;
		};
		371E5612247215EB00B9F4CB /* PBXContainerItemProxy */ = {
			isa = PBXContainerItemProxy;
			containerPortal = 371E55E8247215EA00B9F4CB /* Project object */;
			proxyType = 1;
			remoteGlobalIDString = 371E55EF247215EA00B9F4CB;
			remoteInfo = MapNews;
		};
/* End PBXContainerItemProxy section */

/* Begin PBXFileReference section */
		1A63A82DAAA82F40AA04CE64 /* Pods-MapNews.release.xcconfig */ = {isa = PBXFileReference; includeInIndex = 1; lastKnownFileType = text.xcconfig; name = "Pods-MapNews.release.xcconfig"; path = "Target Support Files/Pods-MapNews/Pods-MapNews.release.xcconfig"; sourceTree = "<group>"; };
		1BC46CE06AFA9DB34AF5AD6E /* Pods_MapNews.framework */ = {isa = PBXFileReference; explicitFileType = wrapper.framework; includeInIndex = 0; path = Pods_MapNews.framework; sourceTree = BUILT_PRODUCTS_DIR; };
		3704879224B1A6550040783E /* style.json */ = {isa = PBXFileReference; fileEncoding = 4; lastKnownFileType = text.json; path = style.json; sourceTree = "<group>"; };
		370F774F2483FA4D0043D964 /* CountryCoordinateDTO.swift */ = {isa = PBXFileReference; fileEncoding = 4; lastKnownFileType = sourcecode.swift; path = CountryCoordinateDTO.swift; sourceTree = "<group>"; };
		370F775124848AC80043D964 /* CLLocationCoordinate2DExtension.swift */ = {isa = PBXFileReference; lastKnownFileType = sourcecode.swift; path = CLLocationCoordinate2DExtension.swift; sourceTree = "<group>"; };
		370F775324848C480043D964 /* MapViewModelTests.swift */ = {isa = PBXFileReference; lastKnownFileType = sourcecode.swift; path = MapViewModelTests.swift; sourceTree = "<group>"; };
		371CC14F247CBA79008CF924 /* Keys.swift */ = {isa = PBXFileReference; lastKnownFileType = sourcecode.swift; path = Keys.swift; sourceTree = "<group>"; };
		371E55F0247215EA00B9F4CB /* MapNews.app */ = {isa = PBXFileReference; explicitFileType = wrapper.application; includeInIndex = 0; path = MapNews.app; sourceTree = BUILT_PRODUCTS_DIR; };
		371E55F3247215EA00B9F4CB /* AppDelegate.swift */ = {isa = PBXFileReference; lastKnownFileType = sourcecode.swift; path = AppDelegate.swift; sourceTree = "<group>"; };
		371E55F5247215EA00B9F4CB /* SceneDelegate.swift */ = {isa = PBXFileReference; lastKnownFileType = sourcecode.swift; path = SceneDelegate.swift; sourceTree = "<group>"; };
		371E55F7247215EA00B9F4CB /* MapViewController.swift */ = {isa = PBXFileReference; lastKnownFileType = sourcecode.swift; path = MapViewController.swift; sourceTree = "<group>"; };
		371E55FA247215EA00B9F4CB /* Base */ = {isa = PBXFileReference; lastKnownFileType = file.storyboard; name = Base; path = Base.lproj/Main.storyboard; sourceTree = "<group>"; };
		371E55FC247215EB00B9F4CB /* Assets.xcassets */ = {isa = PBXFileReference; lastKnownFileType = folder.assetcatalog; path = Assets.xcassets; sourceTree = "<group>"; };
		371E55FF247215EB00B9F4CB /* Base */ = {isa = PBXFileReference; lastKnownFileType = file.storyboard; name = Base; path = Base.lproj/LaunchScreen.storyboard; sourceTree = "<group>"; };
		371E5601247215EB00B9F4CB /* Info.plist */ = {isa = PBXFileReference; lastKnownFileType = text.plist.xml; path = Info.plist; sourceTree = "<group>"; };
		371E5606247215EB00B9F4CB /* MapNewsTests.xctest */ = {isa = PBXFileReference; explicitFileType = wrapper.cfbundle; includeInIndex = 0; path = MapNewsTests.xctest; sourceTree = BUILT_PRODUCTS_DIR; };
		371E560C247215EB00B9F4CB /* Info.plist */ = {isa = PBXFileReference; lastKnownFileType = text.plist.xml; path = Info.plist; sourceTree = "<group>"; };
		371E5611247215EB00B9F4CB /* MapNewsUITests.xctest */ = {isa = PBXFileReference; explicitFileType = wrapper.cfbundle; includeInIndex = 0; path = MapNewsUITests.xctest; sourceTree = BUILT_PRODUCTS_DIR; };
		371E5615247215EB00B9F4CB /* MapNewsUITests.swift */ = {isa = PBXFileReference; lastKnownFileType = sourcecode.swift; path = MapNewsUITests.swift; sourceTree = "<group>"; };
		371E5617247215EB00B9F4CB /* Info.plist */ = {isa = PBXFileReference; lastKnownFileType = text.plist.xml; path = Info.plist; sourceTree = "<group>"; };
		373B208D24D6F4C6008C7036 /* TimeUtil.swift */ = {isa = PBXFileReference; lastKnownFileType = sourcecode.swift; path = TimeUtil.swift; sourceTree = "<group>"; };
		373B209124D6FAD4008C7036 /* TimeUtilTests.swift */ = {isa = PBXFileReference; lastKnownFileType = sourcecode.swift; path = TimeUtilTests.swift; sourceTree = "<group>"; };
		374526E224CF10B700922689 /* RequestBuilder.swift */ = {isa = PBXFileReference; lastKnownFileType = sourcecode.swift; path = RequestBuilder.swift; sourceTree = "<group>"; };
		374526E424CF139F00922689 /* RequestBuilderTests.swift */ = {isa = PBXFileReference; lastKnownFileType = sourcecode.swift; path = RequestBuilderTests.swift; sourceTree = "<group>"; };
		37463CB0248B7ACF00AA53C5 /* SQLSelect.swift */ = {isa = PBXFileReference; lastKnownFileType = sourcecode.swift; path = SQLSelect.swift; sourceTree = "<group>"; };
		37463CB2248B7D1100AA53C5 /* SQLType.swift */ = {isa = PBXFileReference; lastKnownFileType = sourcecode.swift; path = SQLType.swift; sourceTree = "<group>"; };
		37463CB4248B7DC900AA53C5 /* SQLString.swift */ = {isa = PBXFileReference; lastKnownFileType = sourcecode.swift; path = SQLString.swift; sourceTree = "<group>"; };
		37463CB8248B873400AA53C5 /* SQLDouble.swift */ = {isa = PBXFileReference; lastKnownFileType = sourcecode.swift; path = SQLDouble.swift; sourceTree = "<group>"; };
		37463CBB248BC67600AA53C5 /* SQLInsert.swift */ = {isa = PBXFileReference; lastKnownFileType = sourcecode.swift; path = SQLInsert.swift; sourceTree = "<group>"; };
		37463CBD248BCA3500AA53C5 /* SQLCommand.swift */ = {isa = PBXFileReference; lastKnownFileType = sourcecode.swift; path = SQLCommand.swift; sourceTree = "<group>"; };
		37509FD9248BCD20006E4D36 /* SQLCreate.swift */ = {isa = PBXFileReference; lastKnownFileType = sourcecode.swift; path = SQLCreate.swift; sourceTree = "<group>"; };
		37509FDB248BCF0C006E4D36 /* SQLDelete.swift */ = {isa = PBXFileReference; lastKnownFileType = sourcecode.swift; path = SQLDelete.swift; sourceTree = "<group>"; };
		37509FDD248BD038006E4D36 /* Commands.swift */ = {isa = PBXFileReference; lastKnownFileType = sourcecode.swift; path = Commands.swift; sourceTree = "<group>"; };
		37509FDF248BD4BA006E4D36 /* Seed.swift */ = {isa = PBXFileReference; lastKnownFileType = sourcecode.swift; path = Seed.swift; sourceTree = "<group>"; };
		37509FE1248BD71D006E4D36 /* SQLDatabaseTests.swift */ = {isa = PBXFileReference; lastKnownFileType = sourcecode.swift; path = SQLDatabaseTests.swift; sourceTree = "<group>"; };
		3759921E2476029900F36806 /* MapNewsView.swift */ = {isa = PBXFileReference; lastKnownFileType = sourcecode.swift; path = MapNewsView.swift; sourceTree = "<group>"; };
		375992212476088B00F36806 /* MapNewsClient.swift */ = {isa = PBXFileReference; lastKnownFileType = sourcecode.swift; path = MapNewsClient.swift; sourceTree = "<group>"; };
		375E11FD249F0A3A00618F41 /* Identifiers.swift */ = {isa = PBXFileReference; lastKnownFileType = sourcecode.swift; path = Identifiers.swift; sourceTree = "<group>"; };
		375F5EFE2499A92D00C89502 /* AccessibilityIdentifierUtil.swift */ = {isa = PBXFileReference; lastKnownFileType = sourcecode.swift; path = AccessibilityIdentifierUtil.swift; sourceTree = "<group>"; };
		376273FC2491C26700149179 /* LoadingBar.swift */ = {isa = PBXFileReference; lastKnownFileType = sourcecode.swift; path = LoadingBar.swift; sourceTree = "<group>"; };
		376273FE24926F4500149179 /* ArticleBuilder.swift */ = {isa = PBXFileReference; lastKnownFileType = sourcecode.swift; path = ArticleBuilder.swift; sourceTree = "<group>"; };
		3762740424927A3A00149179 /* NewsClient.swift */ = {isa = PBXFileReference; lastKnownFileType = sourcecode.swift; path = NewsClient.swift; sourceTree = "<group>"; };
		37627407249323BC00149179 /* ArticleBuilderTests.swift */ = {isa = PBXFileReference; lastKnownFileType = sourcecode.swift; path = ArticleBuilderTests.swift; sourceTree = "<group>"; };
		3762740A2493276000149179 /* InfoWindowTests.swift */ = {isa = PBXFileReference; lastKnownFileType = sourcecode.swift; path = InfoWindowTests.swift; sourceTree = "<group>"; };
		376374BB248FCDA2001A8A6C /* InfoWindow.swift */ = {isa = PBXFileReference; lastKnownFileType = sourcecode.swift; path = InfoWindow.swift; sourceTree = "<group>"; };
		376374C024909BA6001A8A6C /* MapViewControllerTests.swift */ = {isa = PBXFileReference; lastKnownFileType = sourcecode.swift; path = MapViewControllerTests.swift; sourceTree = "<group>"; };
		376374C32490ADE0001A8A6C /* Model.swift */ = {isa = PBXFileReference; lastKnownFileType = sourcecode.swift; path = Model.swift; sourceTree = "<group>"; };
		376C8486247E0BFE0049D811 /* StringExtension.swift */ = {isa = PBXFileReference; lastKnownFileType = sourcecode.swift; path = StringExtension.swift; sourceTree = "<group>"; };
		376C8488247E0C1C0049D811 /* StringExtensionTests.swift */ = {isa = PBXFileReference; lastKnownFileType = sourcecode.swift; path = StringExtensionTests.swift; sourceTree = "<group>"; };
		37742EA324AC472300433AEF /* WebsiteViewController.swift */ = {isa = PBXFileReference; lastKnownFileType = sourcecode.swift; path = WebsiteViewController.swift; sourceTree = "<group>"; };
		37742EA524AD68AA00433AEF /* InfoWindowObserver.swift */ = {isa = PBXFileReference; lastKnownFileType = sourcecode.swift; path = InfoWindowObserver.swift; sourceTree = "<group>"; };
		37742EA924ADB69B00433AEF /* XCTestCaseExtension.swift */ = {isa = PBXFileReference; lastKnownFileType = sourcecode.swift; path = XCTestCaseExtension.swift; sourceTree = "<group>"; };
		37770C83248287B400B85B95 /* MapViewModel.swift */ = {isa = PBXFileReference; lastKnownFileType = sourcecode.swift; path = MapViewModel.swift; sourceTree = "<group>"; };
		377AB7232485E21800C0F72E /* MapNewsMarker.swift */ = {isa = PBXFileReference; lastKnownFileType = sourcecode.swift; path = MapNewsMarker.swift; sourceTree = "<group>"; };
		377AB7272487322A00C0F72E /* Selector.swift */ = {isa = PBXFileReference; lastKnownFileType = sourcecode.swift; path = Selector.swift; sourceTree = "<group>"; };
		377AB73024887EC600C0F72E /* MapConstants.swift */ = {isa = PBXFileReference; lastKnownFileType = sourcecode.swift; path = MapConstants.swift; sourceTree = "<group>"; };
		377AB7452489D0A600C0F72E /* MapNewsSelectorTests.swift */ = {isa = PBXFileReference; lastKnownFileType = sourcecode.swift; path = MapNewsSelectorTests.swift; sourceTree = "<group>"; };
		377AB74B2489F99B00C0F72E /* SelectorObserverStub.swift */ = {isa = PBXFileReference; lastKnownFileType = sourcecode.swift; path = SelectorObserverStub.swift; sourceTree = "<group>"; };
		377E563A248D2D1300ED58F2 /* JSONParser.swift */ = {isa = PBXFileReference; lastKnownFileType = sourcecode.swift; path = JSONParser.swift; sourceTree = "<group>"; };
		377E563D248DB3F400ED58F2 /* ArticleDTO.swift */ = {isa = PBXFileReference; lastKnownFileType = sourcecode.swift; path = ArticleDTO.swift; sourceTree = "<group>"; };
		377E5640248DB64800ED58F2 /* ArticleDTOTests.swift */ = {isa = PBXFileReference; lastKnownFileType = sourcecode.swift; path = ArticleDTOTests.swift; sourceTree = "<group>"; };
		379B1EE32497C082002E741B /* LoadingBarTests.swift */ = {isa = PBXFileReference; lastKnownFileType = sourcecode.swift; path = LoadingBarTests.swift; sourceTree = "<group>"; };
		37A2D8EA247B8C6D00696F24 /* MapNewsSelector.swift */ = {isa = PBXFileReference; lastKnownFileType = sourcecode.swift; path = MapNewsSelector.swift; sourceTree = "<group>"; };
		37A2D8EE247B9F4700696F24 /* MapNewsSelectorObserver.swift */ = {isa = PBXFileReference; lastKnownFileType = sourcecode.swift; path = MapNewsSelectorObserver.swift; sourceTree = "<group>"; };
		37A8BC53247BEAB200FFEBC5 /* SQLDatabase.swift */ = {isa = PBXFileReference; lastKnownFileType = sourcecode.swift; path = SQLDatabase.swift; sourceTree = "<group>"; };
		37A8BC55247BEE1F00FFEBC5 /* coordinates.txt */ = {isa = PBXFileReference; fileEncoding = 4; lastKnownFileType = text; path = coordinates.txt; sourceTree = "<group>"; };
		37A8BC57247C2A2B00FFEBC5 /* Coordinates.swift */ = {isa = PBXFileReference; lastKnownFileType = sourcecode.swift; path = Coordinates.swift; sourceTree = "<group>"; };
		37A8BC5B247CA46000FFEBC5 /* Database.swift */ = {isa = PBXFileReference; lastKnownFileType = sourcecode.swift; path = Database.swift; sourceTree = "<group>"; };
		37AAD42B247F460E008CD404 /* Constants.swift */ = {isa = PBXFileReference; lastKnownFileType = sourcecode.swift; path = Constants.swift; sourceTree = "<group>"; };
		37B3025B24A2DC8F0047EF6E /* JsonParserTests.swift */ = {isa = PBXFileReference; lastKnownFileType = sourcecode.swift; path = JsonParserTests.swift; sourceTree = "<group>"; };
		37B97A75248BF62900D0C655 /* SQLInteger.swift */ = {isa = PBXFileReference; lastKnownFileType = sourcecode.swift; path = SQLInteger.swift; sourceTree = "<group>"; };
		37B97A78248C9C8F00D0C655 /* MapNewsViewTests.swift */ = {isa = PBXFileReference; lastKnownFileType = sourcecode.swift; path = MapNewsViewTests.swift; sourceTree = "<group>"; };
		37B97A7A248C9FC800D0C655 /* MapNewsMarkerTests.swift */ = {isa = PBXFileReference; lastKnownFileType = sourcecode.swift; path = MapNewsMarkerTests.swift; sourceTree = "<group>"; };
		37B97A7C248CC5A100D0C655 /* MapNewsClientTests.swift */ = {isa = PBXFileReference; lastKnownFileType = sourcecode.swift; path = MapNewsClientTests.swift; sourceTree = "<group>"; };
		37B9CBDD248DF3880050C82D /* MapViewModelObserver.swift */ = {isa = PBXFileReference; lastKnownFileType = sourcecode.swift; path = MapViewModelObserver.swift; sourceTree = "<group>"; };
		37EFFBF624985016006F0EA1 /* CLLocationCoordinate2DExtensionTests.swift */ = {isa = PBXFileReference; lastKnownFileType = sourcecode.swift; path = CLLocationCoordinate2DExtensionTests.swift; sourceTree = "<group>"; };
		37EFFBF824985451006F0EA1 /* CoordinatesTests.swift */ = {isa = PBXFileReference; lastKnownFileType = sourcecode.swift; path = CoordinatesTests.swift; sourceTree = "<group>"; };
		40A5C6758D0A64AD48DA5AAD /* Pods-MapNews-MapNewsUITests.release.xcconfig */ = {isa = PBXFileReference; includeInIndex = 1; lastKnownFileType = text.xcconfig; name = "Pods-MapNews-MapNewsUITests.release.xcconfig"; path = "Target Support Files/Pods-MapNews-MapNewsUITests/Pods-MapNews-MapNewsUITests.release.xcconfig"; sourceTree = "<group>"; };
		4637BBD22D4975B2D12E6F11 /* Pods-MapNews-MapNewsUITests.debug.xcconfig */ = {isa = PBXFileReference; includeInIndex = 1; lastKnownFileType = text.xcconfig; name = "Pods-MapNews-MapNewsUITests.debug.xcconfig"; path = "Target Support Files/Pods-MapNews-MapNewsUITests/Pods-MapNews-MapNewsUITests.debug.xcconfig"; sourceTree = "<group>"; };
		50C26E272D89183F234A779C /* Pods-MapNewsTests.release.xcconfig */ = {isa = PBXFileReference; includeInIndex = 1; lastKnownFileType = text.xcconfig; name = "Pods-MapNewsTests.release.xcconfig"; path = "Target Support Files/Pods-MapNewsTests/Pods-MapNewsTests.release.xcconfig"; sourceTree = "<group>"; };
		7D0E7168EA0EFB65064CC0C4 /* Pods-MapNews.debug.xcconfig */ = {isa = PBXFileReference; includeInIndex = 1; lastKnownFileType = text.xcconfig; name = "Pods-MapNews.debug.xcconfig"; path = "Target Support Files/Pods-MapNews/Pods-MapNews.debug.xcconfig"; sourceTree = "<group>"; };
		8D26964F414B1255CC75634A /* Pods_MapNewsTests.framework */ = {isa = PBXFileReference; explicitFileType = wrapper.framework; includeInIndex = 0; path = Pods_MapNewsTests.framework; sourceTree = BUILT_PRODUCTS_DIR; };
		AA990002AD934F464FDBF057 /* Pods_MapNews_MapNewsUITests.framework */ = {isa = PBXFileReference; explicitFileType = wrapper.framework; includeInIndex = 0; path = Pods_MapNews_MapNewsUITests.framework; sourceTree = BUILT_PRODUCTS_DIR; };
		DF7E286B35E3AB65E5C834C9 /* Pods-MapNewsTests.debug.xcconfig */ = {isa = PBXFileReference; includeInIndex = 1; lastKnownFileType = text.xcconfig; name = "Pods-MapNewsTests.debug.xcconfig"; path = "Target Support Files/Pods-MapNewsTests/Pods-MapNewsTests.debug.xcconfig"; sourceTree = "<group>"; };
/* End PBXFileReference section */

/* Begin PBXFrameworksBuildPhase section */
		371E55ED247215EA00B9F4CB /* Frameworks */ = {
			isa = PBXFrameworksBuildPhase;
			buildActionMask = 2147483647;
			files = (
			);
			runOnlyForDeploymentPostprocessing = 0;
		};
		371E5603247215EB00B9F4CB /* Frameworks */ = {
			isa = PBXFrameworksBuildPhase;
			buildActionMask = 2147483647;
			files = (
				B181398627D730A9EED7952C /* Pods_MapNewsTests.framework in Frameworks */,
			);
			runOnlyForDeploymentPostprocessing = 0;
		};
		371E560E247215EB00B9F4CB /* Frameworks */ = {
			isa = PBXFrameworksBuildPhase;
			buildActionMask = 2147483647;
			files = (
				9F3FD826DC796C2DD8EA3431 /* Pods_MapNews_MapNewsUITests.framework in Frameworks */,
			);
			runOnlyForDeploymentPostprocessing = 0;
		};
/* End PBXFrameworksBuildPhase section */

/* Begin PBXGroup section */
		371E55E7247215EA00B9F4CB = {
			isa = PBXGroup;
			children = (
				371E55F2247215EA00B9F4CB /* MapNews */,
				371E5609247215EB00B9F4CB /* MapNewsTests */,
				371E5614247215EB00B9F4CB /* MapNewsUITests */,
				371E55F1247215EA00B9F4CB /* Products */,
				55C82FDFEA88AD0C69C62FFC /* Pods */,
				7E63AC5A5A62053291C6371E /* Frameworks */,
			);
			sourceTree = "<group>";
		};
		371E55F1247215EA00B9F4CB /* Products */ = {
			isa = PBXGroup;
			children = (
				371E55F0247215EA00B9F4CB /* MapNews.app */,
				371E5606247215EB00B9F4CB /* MapNewsTests.xctest */,
				371E5611247215EB00B9F4CB /* MapNewsUITests.xctest */,
			);
			name = Products;
			sourceTree = "<group>";
		};
		371E55F2247215EA00B9F4CB /* MapNews */ = {
			isa = PBXGroup;
			children = (
				371E55F3247215EA00B9F4CB /* AppDelegate.swift */,
				371E55F5247215EA00B9F4CB /* SceneDelegate.swift */,
				371CC14F247CBA79008CF924 /* Keys.swift */,
				3704879224B1A6550040783E /* style.json */,
				377AB72F2487D96500C0F72E /* Util */,
				377AB72D2487D93800C0F72E /* Model */,
				37A8BC5E247CA75B00FFEBC5 /* View */,
				37A8BC5D247CA71200FFEBC5 /* Database */,
				377AB72E2487D94100C0F72E /* Client */,
				371E55F9247215EA00B9F4CB /* Main.storyboard */,
				371E55FC247215EB00B9F4CB /* Assets.xcassets */,
				371E55FE247215EB00B9F4CB /* LaunchScreen.storyboard */,
				371E5601247215EB00B9F4CB /* Info.plist */,
			);
			path = MapNews;
			sourceTree = "<group>";
		};
		371E5609247215EB00B9F4CB /* MapNewsTests */ = {
			isa = PBXGroup;
			children = (
				37742EA924ADB69B00433AEF /* XCTestCaseExtension.swift */,
				377AB7442489D02200C0F72E /* Model */,
				377AB7432489D01700C0F72E /* Util */,
				371E560C247215EB00B9F4CB /* Info.plist */,
				377E563F248DB62E00ED58F2 /* NewsClient */,
				377AB74A2489F6A000C0F72E /* View */,
				37509FEA248BD87A006E4D36 /* Database */,
			);
			path = MapNewsTests;
			sourceTree = "<group>";
		};
		371E5614247215EB00B9F4CB /* MapNewsUITests */ = {
			isa = PBXGroup;
			children = (
				371E5615247215EB00B9F4CB /* MapNewsUITests.swift */,
				371E5617247215EB00B9F4CB /* Info.plist */,
			);
			path = MapNewsUITests;
			sourceTree = "<group>";
		};
		37463CBA248BC65B00AA53C5 /* SQLTypes */ = {
			isa = PBXGroup;
			children = (
				37463CB2248B7D1100AA53C5 /* SQLType.swift */,
				37463CB4248B7DC900AA53C5 /* SQLString.swift */,
				37463CB8248B873400AA53C5 /* SQLDouble.swift */,
				37B97A75248BF62900D0C655 /* SQLInteger.swift */,
			);
			path = SQLTypes;
			sourceTree = "<group>";
		};
		37509FD8248BCCCD006E4D36 /* SQLCommands */ = {
			isa = PBXGroup;
			children = (
				37463CBD248BCA3500AA53C5 /* SQLCommand.swift */,
				37463CB0248B7ACF00AA53C5 /* SQLSelect.swift */,
				37463CBB248BC67600AA53C5 /* SQLInsert.swift */,
				37509FD9248BCD20006E4D36 /* SQLCreate.swift */,
				37509FDB248BCF0C006E4D36 /* SQLDelete.swift */,
			);
			path = SQLCommands;
			sourceTree = "<group>";
		};
		37509FEA248BD87A006E4D36 /* Database */ = {
			isa = PBXGroup;
			children = (
				37509FE1248BD71D006E4D36 /* SQLDatabaseTests.swift */,
			);
			path = Database;
			sourceTree = "<group>";
		};
		375992202476086A00F36806 /* Map */ = {
			isa = PBXGroup;
			children = (
				3759921E2476029900F36806 /* MapNewsView.swift */,
				377AB73024887EC600C0F72E /* MapConstants.swift */,
				377AB7232485E21800C0F72E /* MapNewsMarker.swift */,
				37A8BC57247C2A2B00FFEBC5 /* Coordinates.swift */,
				37EFFBF824985451006F0EA1 /* CoordinatesTests.swift */,
				370F775124848AC80043D964 /* CLLocationCoordinate2DExtension.swift */,
			);
			path = Map;
			sourceTree = "<group>";
		};
		376274092493274300149179 /* Map */ = {
			isa = PBXGroup;
			children = (
				37B97A7A248C9FC800D0C655 /* MapNewsMarkerTests.swift */,
				37B97A78248C9C8F00D0C655 /* MapNewsViewTests.swift */,
				37EFFBF624985016006F0EA1 /* CLLocationCoordinate2DExtensionTests.swift */,
			);
			path = Map;
			sourceTree = "<group>";
		};
		377AB72D2487D93800C0F72E /* Model */ = {
			isa = PBXGroup;
			children = (
				37770C83248287B400B85B95 /* MapViewModel.swift */,
				376374C32490ADE0001A8A6C /* Model.swift */,
				37B9CBDD248DF3880050C82D /* MapViewModelObserver.swift */,
				377E563D248DB3F400ED58F2 /* ArticleDTO.swift */,
				376273FE24926F4500149179 /* ArticleBuilder.swift */,
			);
			path = Model;
			sourceTree = "<group>";
		};
		377AB72E2487D94100C0F72E /* Client */ = {
			isa = PBXGroup;
			children = (
				375992212476088B00F36806 /* MapNewsClient.swift */,
				374526E224CF10B700922689 /* RequestBuilder.swift */,
				3762740424927A3A00149179 /* NewsClient.swift */,
			);
			path = Client;
			sourceTree = "<group>";
		};
		377AB72F2487D96500C0F72E /* Util */ = {
			isa = PBXGroup;
			children = (
				376C8486247E0BFE0049D811 /* StringExtension.swift */,
				377E563A248D2D1300ED58F2 /* JSONParser.swift */,
				375F5EFE2499A92D00C89502 /* AccessibilityIdentifierUtil.swift */,
				375E11FD249F0A3A00618F41 /* Identifiers.swift */,
				373B208D24D6F4C6008C7036 /* TimeUtil.swift */,
			);
			path = Util;
			sourceTree = "<group>";
		};
		377AB7432489D01700C0F72E /* Util */ = {
			isa = PBXGroup;
			children = (
				376C8488247E0C1C0049D811 /* StringExtensionTests.swift */,
				37B3025B24A2DC8F0047EF6E /* JsonParserTests.swift */,
				373B209124D6FAD4008C7036 /* TimeUtilTests.swift */,
			);
			path = Util;
			sourceTree = "<group>";
		};
		377AB7442489D02200C0F72E /* Model */ = {
			isa = PBXGroup;
			children = (
				370F775324848C480043D964 /* MapViewModelTests.swift */,
				377E5640248DB64800ED58F2 /* ArticleDTOTests.swift */,
				37627407249323BC00149179 /* ArticleBuilderTests.swift */,
			);
			path = Model;
			sourceTree = "<group>";
		};
		377AB74A2489F6A000C0F72E /* View */ = {
			isa = PBXGroup;
			children = (
				376374C024909BA6001A8A6C /* MapViewControllerTests.swift */,
				377AB7452489D0A600C0F72E /* MapNewsSelectorTests.swift */,
				3762740A2493276000149179 /* InfoWindowTests.swift */,
				379B1EE32497C082002E741B /* LoadingBarTests.swift */,
				376274092493274300149179 /* Map */,
				377AB74B2489F99B00C0F72E /* SelectorObserverStub.swift */,
			);
			path = View;
			sourceTree = "<group>";
		};
		377E563F248DB62E00ED58F2 /* NewsClient */ = {
			isa = PBXGroup;
			children = (
				37B97A7C248CC5A100D0C655 /* MapNewsClientTests.swift */,
				374526E424CF139F00922689 /* RequestBuilderTests.swift */,
			);
			path = NewsClient;
			sourceTree = "<group>";
		};
		37A8BC5D247CA71200FFEBC5 /* Database */ = {
			isa = PBXGroup;
			children = (
				37A8BC53247BEAB200FFEBC5 /* SQLDatabase.swift */,
				37509FDF248BD4BA006E4D36 /* Seed.swift */,
				37509FDD248BD038006E4D36 /* Commands.swift */,
				37509FD8248BCCCD006E4D36 /* SQLCommands */,
				37463CBA248BC65B00AA53C5 /* SQLTypes */,
				37A8BC5B247CA46000FFEBC5 /* Database.swift */,
				37A8BC55247BEE1F00FFEBC5 /* coordinates.txt */,
				370F774F2483FA4D0043D964 /* CountryCoordinateDTO.swift */,
			);
			path = Database;
			sourceTree = "<group>";
		};
		37A8BC5E247CA75B00FFEBC5 /* View */ = {
			isa = PBXGroup;
			children = (
				371E55F7247215EA00B9F4CB /* MapViewController.swift */,
				37742EA524AD68AA00433AEF /* InfoWindowObserver.swift */,
				37742EA324AC472300433AEF /* WebsiteViewController.swift */,
				37A2D8EA247B8C6D00696F24 /* MapNewsSelector.swift */,
				376374BB248FCDA2001A8A6C /* InfoWindow.swift */,
				376273FC2491C26700149179 /* LoadingBar.swift */,
				377AB7272487322A00C0F72E /* Selector.swift */,
				37A2D8EE247B9F4700696F24 /* MapNewsSelectorObserver.swift */,
				37AAD42B247F460E008CD404 /* Constants.swift */,
				375992202476086A00F36806 /* Map */,
			);
			path = View;
			sourceTree = "<group>";
		};
		55C82FDFEA88AD0C69C62FFC /* Pods */ = {
			isa = PBXGroup;
			children = (
				7D0E7168EA0EFB65064CC0C4 /* Pods-MapNews.debug.xcconfig */,
				1A63A82DAAA82F40AA04CE64 /* Pods-MapNews.release.xcconfig */,
				4637BBD22D4975B2D12E6F11 /* Pods-MapNews-MapNewsUITests.debug.xcconfig */,
				40A5C6758D0A64AD48DA5AAD /* Pods-MapNews-MapNewsUITests.release.xcconfig */,
				DF7E286B35E3AB65E5C834C9 /* Pods-MapNewsTests.debug.xcconfig */,
				50C26E272D89183F234A779C /* Pods-MapNewsTests.release.xcconfig */,
			);
			path = Pods;
			sourceTree = "<group>";
		};
		7E63AC5A5A62053291C6371E /* Frameworks */ = {
			isa = PBXGroup;
			children = (
				1BC46CE06AFA9DB34AF5AD6E /* Pods_MapNews.framework */,
				AA990002AD934F464FDBF057 /* Pods_MapNews_MapNewsUITests.framework */,
				8D26964F414B1255CC75634A /* Pods_MapNewsTests.framework */,
			);
			name = Frameworks;
			sourceTree = "<group>";
		};
/* End PBXGroup section */

/* Begin PBXNativeTarget section */
		371E55EF247215EA00B9F4CB /* MapNews */ = {
			isa = PBXNativeTarget;
			buildConfigurationList = 371E561A247215EB00B9F4CB /* Build configuration list for PBXNativeTarget "MapNews" */;
			buildPhases = (
				16D6ADF07C6D0A33DE3B455E /* [CP] Check Pods Manifest.lock */,
				371E55EC247215EA00B9F4CB /* Sources */,
				371E55ED247215EA00B9F4CB /* Frameworks */,
				371E55EE247215EA00B9F4CB /* Resources */,
				5ACFCC9D8CFAB19160D26558 /* [CP] Copy Pods Resources */,
			);
			buildRules = (
			);
			dependencies = (
			);
			name = MapNews;
			productName = MapNews;
			productReference = 371E55F0247215EA00B9F4CB /* MapNews.app */;
			productType = "com.apple.product-type.application";
		};
		371E5605247215EB00B9F4CB /* MapNewsTests */ = {
			isa = PBXNativeTarget;
			buildConfigurationList = 371E561D247215EB00B9F4CB /* Build configuration list for PBXNativeTarget "MapNewsTests" */;
			buildPhases = (
				D8E64E682570C3E8C5E5263C /* [CP] Check Pods Manifest.lock */,
				371E5602247215EB00B9F4CB /* Sources */,
				371E5603247215EB00B9F4CB /* Frameworks */,
				371E5604247215EB00B9F4CB /* Resources */,
			);
			buildRules = (
			);
			dependencies = (
				371E5608247215EB00B9F4CB /* PBXTargetDependency */,
			);
			name = MapNewsTests;
			productName = MapNewsTests;
			productReference = 371E5606247215EB00B9F4CB /* MapNewsTests.xctest */;
			productType = "com.apple.product-type.bundle.unit-test";
		};
		371E5610247215EB00B9F4CB /* MapNewsUITests */ = {
			isa = PBXNativeTarget;
			buildConfigurationList = 371E5620247215EB00B9F4CB /* Build configuration list for PBXNativeTarget "MapNewsUITests" */;
			buildPhases = (
				82EF354393E40E84972CA1FB /* [CP] Check Pods Manifest.lock */,
				371E560D247215EB00B9F4CB /* Sources */,
				371E560E247215EB00B9F4CB /* Frameworks */,
				371E560F247215EB00B9F4CB /* Resources */,
				1D361F44936D4FEACDFF4A1E /* [CP] Copy Pods Resources */,
			);
			buildRules = (
			);
			dependencies = (
				371E5613247215EB00B9F4CB /* PBXTargetDependency */,
			);
			name = MapNewsUITests;
			productName = MapNewsUITests;
			productReference = 371E5611247215EB00B9F4CB /* MapNewsUITests.xctest */;
			productType = "com.apple.product-type.bundle.ui-testing";
		};
/* End PBXNativeTarget section */

/* Begin PBXProject section */
		371E55E8247215EA00B9F4CB /* Project object */ = {
			isa = PBXProject;
			attributes = {
				LastSwiftUpdateCheck = 1140;
				LastUpgradeCheck = 1140;
				ORGANIZATIONNAME = "Hol Yin Ho";
				TargetAttributes = {
					371E55EF247215EA00B9F4CB = {
						CreatedOnToolsVersion = 11.4;
					};
					371E5605247215EB00B9F4CB = {
						CreatedOnToolsVersion = 11.4;
						TestTargetID = 371E55EF247215EA00B9F4CB;
					};
					371E5610247215EB00B9F4CB = {
						CreatedOnToolsVersion = 11.4;
						TestTargetID = 371E55EF247215EA00B9F4CB;
					};
				};
			};
			buildConfigurationList = 371E55EB247215EA00B9F4CB /* Build configuration list for PBXProject "MapNews" */;
			compatibilityVersion = "Xcode 9.3";
			developmentRegion = en;
			hasScannedForEncodings = 0;
			knownRegions = (
				en,
				Base,
			);
			mainGroup = 371E55E7247215EA00B9F4CB;
			productRefGroup = 371E55F1247215EA00B9F4CB /* Products */;
			projectDirPath = "";
			projectRoot = "";
			targets = (
				371E55EF247215EA00B9F4CB /* MapNews */,
				371E5605247215EB00B9F4CB /* MapNewsTests */,
				371E5610247215EB00B9F4CB /* MapNewsUITests */,
			);
		};
/* End PBXProject section */

/* Begin PBXResourcesBuildPhase section */
		371E55EE247215EA00B9F4CB /* Resources */ = {
			isa = PBXResourcesBuildPhase;
			buildActionMask = 2147483647;
			files = (
				37A8BC56247BEE2000FFEBC5 /* coordinates.txt in Resources */,
				371E5600247215EB00B9F4CB /* LaunchScreen.storyboard in Resources */,
				371E55FD247215EB00B9F4CB /* Assets.xcassets in Resources */,
				3704879324B1A6550040783E /* style.json in Resources */,
				371E55FB247215EA00B9F4CB /* Main.storyboard in Resources */,
			);
			runOnlyForDeploymentPostprocessing = 0;
		};
		371E5604247215EB00B9F4CB /* Resources */ = {
			isa = PBXResourcesBuildPhase;
			buildActionMask = 2147483647;
			files = (
			);
			runOnlyForDeploymentPostprocessing = 0;
		};
		371E560F247215EB00B9F4CB /* Resources */ = {
			isa = PBXResourcesBuildPhase;
			buildActionMask = 2147483647;
			files = (
			);
			runOnlyForDeploymentPostprocessing = 0;
		};
/* End PBXResourcesBuildPhase section */

/* Begin PBXShellScriptBuildPhase section */
		16D6ADF07C6D0A33DE3B455E /* [CP] Check Pods Manifest.lock */ = {
			isa = PBXShellScriptBuildPhase;
			buildActionMask = 2147483647;
			files = (
			);
			inputFileListPaths = (
			);
			inputPaths = (
				"${PODS_PODFILE_DIR_PATH}/Podfile.lock",
				"${PODS_ROOT}/Manifest.lock",
			);
			name = "[CP] Check Pods Manifest.lock";
			outputFileListPaths = (
			);
			outputPaths = (
				"$(DERIVED_FILE_DIR)/Pods-MapNews-checkManifestLockResult.txt",
			);
			runOnlyForDeploymentPostprocessing = 0;
			shellPath = /bin/sh;
			shellScript = "diff \"${PODS_PODFILE_DIR_PATH}/Podfile.lock\" \"${PODS_ROOT}/Manifest.lock\" > /dev/null\nif [ $? != 0 ] ; then\n    # print error to STDERR\n    echo \"error: The sandbox is not in sync with the Podfile.lock. Run 'pod install' or update your CocoaPods installation.\" >&2\n    exit 1\nfi\n# This output is used by Xcode 'outputs' to avoid re-running this script phase.\necho \"SUCCESS\" > \"${SCRIPT_OUTPUT_FILE_0}\"\n";
			showEnvVarsInLog = 0;
		};
		1D361F44936D4FEACDFF4A1E /* [CP] Copy Pods Resources */ = {
			isa = PBXShellScriptBuildPhase;
			buildActionMask = 2147483647;
			files = (
			);
			inputFileListPaths = (
				"${PODS_ROOT}/Target Support Files/Pods-MapNews-MapNewsUITests/Pods-MapNews-MapNewsUITests-resources-${CONFIGURATION}-input-files.xcfilelist",
			);
			name = "[CP] Copy Pods Resources";
			outputFileListPaths = (
				"${PODS_ROOT}/Target Support Files/Pods-MapNews-MapNewsUITests/Pods-MapNews-MapNewsUITests-resources-${CONFIGURATION}-output-files.xcfilelist",
			);
			runOnlyForDeploymentPostprocessing = 0;
			shellPath = /bin/sh;
			shellScript = "\"${PODS_ROOT}/Target Support Files/Pods-MapNews-MapNewsUITests/Pods-MapNews-MapNewsUITests-resources.sh\"\n";
			showEnvVarsInLog = 0;
		};
		5ACFCC9D8CFAB19160D26558 /* [CP] Copy Pods Resources */ = {
			isa = PBXShellScriptBuildPhase;
			buildActionMask = 2147483647;
			files = (
			);
			inputFileListPaths = (
				"${PODS_ROOT}/Target Support Files/Pods-MapNews/Pods-MapNews-resources-${CONFIGURATION}-input-files.xcfilelist",
			);
			name = "[CP] Copy Pods Resources";
			outputFileListPaths = (
				"${PODS_ROOT}/Target Support Files/Pods-MapNews/Pods-MapNews-resources-${CONFIGURATION}-output-files.xcfilelist",
			);
			runOnlyForDeploymentPostprocessing = 0;
			shellPath = /bin/sh;
			shellScript = "\"${PODS_ROOT}/Target Support Files/Pods-MapNews/Pods-MapNews-resources.sh\"\n";
			showEnvVarsInLog = 0;
		};
		82EF354393E40E84972CA1FB /* [CP] Check Pods Manifest.lock */ = {
			isa = PBXShellScriptBuildPhase;
			buildActionMask = 2147483647;
			files = (
			);
			inputFileListPaths = (
			);
			inputPaths = (
				"${PODS_PODFILE_DIR_PATH}/Podfile.lock",
				"${PODS_ROOT}/Manifest.lock",
			);
			name = "[CP] Check Pods Manifest.lock";
			outputFileListPaths = (
			);
			outputPaths = (
				"$(DERIVED_FILE_DIR)/Pods-MapNews-MapNewsUITests-checkManifestLockResult.txt",
			);
			runOnlyForDeploymentPostprocessing = 0;
			shellPath = /bin/sh;
			shellScript = "diff \"${PODS_PODFILE_DIR_PATH}/Podfile.lock\" \"${PODS_ROOT}/Manifest.lock\" > /dev/null\nif [ $? != 0 ] ; then\n    # print error to STDERR\n    echo \"error: The sandbox is not in sync with the Podfile.lock. Run 'pod install' or update your CocoaPods installation.\" >&2\n    exit 1\nfi\n# This output is used by Xcode 'outputs' to avoid re-running this script phase.\necho \"SUCCESS\" > \"${SCRIPT_OUTPUT_FILE_0}\"\n";
			showEnvVarsInLog = 0;
		};
		D8E64E682570C3E8C5E5263C /* [CP] Check Pods Manifest.lock */ = {
			isa = PBXShellScriptBuildPhase;
			buildActionMask = 2147483647;
			files = (
			);
			inputFileListPaths = (
			);
			inputPaths = (
				"${PODS_PODFILE_DIR_PATH}/Podfile.lock",
				"${PODS_ROOT}/Manifest.lock",
			);
			name = "[CP] Check Pods Manifest.lock";
			outputFileListPaths = (
			);
			outputPaths = (
				"$(DERIVED_FILE_DIR)/Pods-MapNewsTests-checkManifestLockResult.txt",
			);
			runOnlyForDeploymentPostprocessing = 0;
			shellPath = /bin/sh;
			shellScript = "diff \"${PODS_PODFILE_DIR_PATH}/Podfile.lock\" \"${PODS_ROOT}/Manifest.lock\" > /dev/null\nif [ $? != 0 ] ; then\n    # print error to STDERR\n    echo \"error: The sandbox is not in sync with the Podfile.lock. Run 'pod install' or update your CocoaPods installation.\" >&2\n    exit 1\nfi\n# This output is used by Xcode 'outputs' to avoid re-running this script phase.\necho \"SUCCESS\" > \"${SCRIPT_OUTPUT_FILE_0}\"\n";
			showEnvVarsInLog = 0;
		};
/* End PBXShellScriptBuildPhase section */

/* Begin PBXSourcesBuildPhase section */
		371E55EC247215EA00B9F4CB /* Sources */ = {
			isa = PBXSourcesBuildPhase;
			buildActionMask = 2147483647;
			files = (
				376273FF24926F4500149179 /* ArticleBuilder.swift in Sources */,
				371E55F8247215EA00B9F4CB /* MapViewController.swift in Sources */,
				373B208E24D6F4C6008C7036 /* TimeUtil.swift in Sources */,
				3759921F2476029900F36806 /* MapNewsView.swift in Sources */,
				377E563B248D2D1300ED58F2 /* JSONParser.swift in Sources */,
				375992222476088B00F36806 /* MapNewsClient.swift in Sources */,
				374526E324CF10B700922689 /* RequestBuilder.swift in Sources */,
				370F775224848AC80043D964 /* CLLocationCoordinate2DExtension.swift in Sources */,
				371E55F4247215EA00B9F4CB /* AppDelegate.swift in Sources */,
				371CC150247CBA79008CF924 /* Keys.swift in Sources */,
				37742EA424AC472300433AEF /* WebsiteViewController.swift in Sources */,
				37A2D8EF247B9F4700696F24 /* MapNewsSelectorObserver.swift in Sources */,
				37463CB9248B873400AA53C5 /* SQLDouble.swift in Sources */,
				37463CBE248BCA3500AA53C5 /* SQLCommand.swift in Sources */,
				37A8BC54247BEAB200FFEBC5 /* SQLDatabase.swift in Sources */,
				37509FDE248BD038006E4D36 /* Commands.swift in Sources */,
				37463CB3248B7D1100AA53C5 /* SQLType.swift in Sources */,
				377AB7242485E21800C0F72E /* MapNewsMarker.swift in Sources */,
				37463CB1248B7ACF00AA53C5 /* SQLSelect.swift in Sources */,
				37742EA624AD68AA00433AEF /* InfoWindowObserver.swift in Sources */,
				370F77502483FA4D0043D964 /* CountryCoordinateDTO.swift in Sources */,
				37B9CBDE248DF3880050C82D /* MapViewModelObserver.swift in Sources */,
				375E11FE249F0A3A00618F41 /* Identifiers.swift in Sources */,
				37AAD42C247F460E008CD404 /* Constants.swift in Sources */,
				37A2D8EB247B8C6D00696F24 /* MapNewsSelector.swift in Sources */,
				37509FDA248BCD20006E4D36 /* SQLCreate.swift in Sources */,
				3762740524927A3A00149179 /* NewsClient.swift in Sources */,
				37509FDC248BCF0C006E4D36 /* SQLDelete.swift in Sources */,
				37509FE0248BD4BA006E4D36 /* Seed.swift in Sources */,
				376273FD2491C26700149179 /* LoadingBar.swift in Sources */,
				37463CBC248BC67600AA53C5 /* SQLInsert.swift in Sources */,
				377E563E248DB3F400ED58F2 /* ArticleDTO.swift in Sources */,
				377AB73124887EC600C0F72E /* MapConstants.swift in Sources */,
				376C8487247E0BFE0049D811 /* StringExtension.swift in Sources */,
				375F5EFF2499A92D00C89502 /* AccessibilityIdentifierUtil.swift in Sources */,
				376374C42490ADE0001A8A6C /* Model.swift in Sources */,
				371E55F6247215EA00B9F4CB /* SceneDelegate.swift in Sources */,
				37770C84248287B400B85B95 /* MapViewModel.swift in Sources */,
				37B97A76248BF62900D0C655 /* SQLInteger.swift in Sources */,
				37A8BC5C247CA46000FFEBC5 /* Database.swift in Sources */,
				37463CB5248B7DC900AA53C5 /* SQLString.swift in Sources */,
				377AB7282487322A00C0F72E /* Selector.swift in Sources */,
				37A8BC58247C2A2B00FFEBC5 /* Coordinates.swift in Sources */,
				376374BC248FCDA2001A8A6C /* InfoWindow.swift in Sources */,
			);
			runOnlyForDeploymentPostprocessing = 0;
		};
		371E5602247215EB00B9F4CB /* Sources */ = {
			isa = PBXSourcesBuildPhase;
			buildActionMask = 2147483647;
			files = (
				377AB7362488A89B00C0F72E /* CountryCoordinateDTO.swift in Sources */,
				37DB5B8F24AF1F2A0035F58D /* WebsiteViewController.swift in Sources */,
				377AB7322488885700C0F72E /* MapConstants.swift in Sources */,
				37509FE2248BD71D006E4D36 /* SQLDatabaseTests.swift in Sources */,
				375F5F002499AA2200C89502 /* AccessibilityIdentifierUtil.swift in Sources */,
				377AB7492489EE1600C0F72E /* MapNewsView.swift in Sources */,
				377AB73E2488A9FB00C0F72E /* StringExtension.swift in Sources */,
				37C70F95249F0B0A00AD10BD /* Identifiers.swift in Sources */,
				37509FE9248BD865006E4D36 /* Seed.swift in Sources */,
				377E5641248DB64800ED58F2 /* ArticleDTOTests.swift in Sources */,
				37B9CBDF248E0E6E0050C82D /* MapViewModelObserver.swift in Sources */,
				377AB73F2488AA1200C0F72E /* CLLocationCoordinate2DExtension.swift in Sources */,
				37B97A7E248CC5C500D0C655 /* MapNewsClient.swift in Sources */,
				376374BD248FE484001A8A6C /* InfoWindow.swift in Sources */,
				376C8489247E0C1C0049D811 /* StringExtensionTests.swift in Sources */,
				377AB73A2488A8A500C0F72E /* Selector.swift in Sources */,
				37509FE4248BD859006E4D36 /* SQLSelect.swift in Sources */,
				370F775424848C480043D964 /* MapViewModelTests.swift in Sources */,
				377AB74C2489F99B00C0F72E /* SelectorObserverStub.swift in Sources */,
				37509FE8248BD863006E4D36 /* Commands.swift in Sources */,
				377AB7382488A8A100C0F72E /* Constants.swift in Sources */,
				376274012492739600149179 /* LoadingBar.swift in Sources */,
				37B97A73248BD8CF00D0C655 /* SQLString.swift in Sources */,
				376374C52490B046001A8A6C /* Model.swift in Sources */,
				377AB7482489EE1400C0F72E /* MapNewsMarker.swift in Sources */,
				37742EAA24ADB69B00433AEF /* XCTestCaseExtension.swift in Sources */,
				377AB7392488A8A300C0F72E /* MapNewsSelectorObserver.swift in Sources */,
				3762740B2493276000149179 /* InfoWindowTests.swift in Sources */,
				37509FE6248BD85C006E4D36 /* SQLCreate.swift in Sources */,
				376274002492739300149179 /* ArticleBuilder.swift in Sources */,
				376374C124909BA7001A8A6C /* MapViewControllerTests.swift in Sources */,
				377AB7332488885F00C0F72E /* Coordinates.swift in Sources */,
				37509FE3248BD856006E4D36 /* SQLCommand.swift in Sources */,
				377AB7462489D0A600C0F72E /* MapNewsSelectorTests.swift in Sources */,
				37B97A7D248CC5A100D0C655 /* MapNewsClientTests.swift in Sources */,
				37EFFBF924985451006F0EA1 /* CoordinatesTests.swift in Sources */,
				37627408249323BC00149179 /* ArticleBuilderTests.swift in Sources */,
				374526E624CF13A500922689 /* RequestBuilder.swift in Sources */,
				373B208F24D6F51E008C7036 /* TimeUtil.swift in Sources */,
				377AB7352488A89800C0F72E /* Database.swift in Sources */,
				37B97A7B248C9FC800D0C655 /* MapNewsMarkerTests.swift in Sources */,
				373B209224D6FAD4008C7036 /* TimeUtilTests.swift in Sources */,
				3787BC49248CC6510090CE8C /* Keys.swift in Sources */,
				37B3025C24A2DC8F0047EF6E /* JsonParserTests.swift in Sources */,
				37742EA724AD723100433AEF /* InfoWindowObserver.swift in Sources */,
				377AB73C2488A8AA00C0F72E /* MapNewsSelector.swift in Sources */,
				37B97A74248BD8D100D0C655 /* SQLDouble.swift in Sources */,
				37B97A77248BF6DE00D0C655 /* SQLInteger.swift in Sources */,
				377E5642248DB69A00ED58F2 /* ArticleDTO.swift in Sources */,
				3762740624930DDC00149179 /* NewsClient.swift in Sources */,
				37B97A72248BD8CD00D0C655 /* SQLType.swift in Sources */,
				37B97A79248C9C8F00D0C655 /* MapNewsViewTests.swift in Sources */,
				377AB734248888AC00C0F72E /* MapViewModel.swift in Sources */,
				379B1EE42497C082002E741B /* LoadingBarTests.swift in Sources */,
				377E563C248D2EF700ED58F2 /* JSONParser.swift in Sources */,
				377AB7372488A89E00C0F72E /* SQLDatabase.swift in Sources */,
				377AB7472489E86500C0F72E /* MapViewController.swift in Sources */,
				37EFFBF724985016006F0EA1 /* CLLocationCoordinate2DExtensionTests.swift in Sources */,
				37509FE7248BD85F006E4D36 /* SQLDelete.swift in Sources */,
				37509FE5248BD85B006E4D36 /* SQLInsert.swift in Sources */,
				374526E524CF139F00922689 /* RequestBuilderTests.swift in Sources */,
			);
			runOnlyForDeploymentPostprocessing = 0;
		};
		371E560D247215EB00B9F4CB /* Sources */ = {
			isa = PBXSourcesBuildPhase;
			buildActionMask = 2147483647;
			files = (
				375E11FF249F0A7900618F41 /* Identifiers.swift in Sources */,
				371E5616247215EB00B9F4CB /* MapNewsUITests.swift in Sources */,
				373B209024D6F51F008C7036 /* TimeUtil.swift in Sources */,
				37742EA824AD723400433AEF /* InfoWindowObserver.swift in Sources */,
			);
			runOnlyForDeploymentPostprocessing = 0;
		};
/* End PBXSourcesBuildPhase section */

/* Begin PBXTargetDependency section */
		371E5608247215EB00B9F4CB /* PBXTargetDependency */ = {
			isa = PBXTargetDependency;
			target = 371E55EF247215EA00B9F4CB /* MapNews */;
			targetProxy = 371E5607247215EB00B9F4CB /* PBXContainerItemProxy */;
		};
		371E5613247215EB00B9F4CB /* PBXTargetDependency */ = {
			isa = PBXTargetDependency;
			target = 371E55EF247215EA00B9F4CB /* MapNews */;
			targetProxy = 371E5612247215EB00B9F4CB /* PBXContainerItemProxy */;
		};
/* End PBXTargetDependency section */

/* Begin PBXVariantGroup section */
		371E55F9247215EA00B9F4CB /* Main.storyboard */ = {
			isa = PBXVariantGroup;
			children = (
				371E55FA247215EA00B9F4CB /* Base */,
			);
			name = Main.storyboard;
			sourceTree = "<group>";
		};
		371E55FE247215EB00B9F4CB /* LaunchScreen.storyboard */ = {
			isa = PBXVariantGroup;
			children = (
				371E55FF247215EB00B9F4CB /* Base */,
			);
			name = LaunchScreen.storyboard;
			sourceTree = "<group>";
		};
/* End PBXVariantGroup section */

/* Begin XCBuildConfiguration section */
		371E5618247215EB00B9F4CB /* Debug */ = {
			isa = XCBuildConfiguration;
			buildSettings = {
				ALWAYS_SEARCH_USER_PATHS = NO;
				CLANG_ANALYZER_NONNULL = YES;
				CLANG_ANALYZER_NUMBER_OBJECT_CONVERSION = YES_AGGRESSIVE;
				CLANG_CXX_LANGUAGE_STANDARD = "gnu++14";
				CLANG_CXX_LIBRARY = "libc++";
				CLANG_ENABLE_MODULES = YES;
				CLANG_ENABLE_OBJC_ARC = YES;
				CLANG_ENABLE_OBJC_WEAK = YES;
				CLANG_WARN_BLOCK_CAPTURE_AUTORELEASING = YES;
				CLANG_WARN_BOOL_CONVERSION = YES;
				CLANG_WARN_COMMA = YES;
				CLANG_WARN_CONSTANT_CONVERSION = YES;
				CLANG_WARN_DEPRECATED_OBJC_IMPLEMENTATIONS = YES;
				CLANG_WARN_DIRECT_OBJC_ISA_USAGE = YES_ERROR;
				CLANG_WARN_DOCUMENTATION_COMMENTS = YES;
				CLANG_WARN_EMPTY_BODY = YES;
				CLANG_WARN_ENUM_CONVERSION = YES;
				CLANG_WARN_INFINITE_RECURSION = YES;
				CLANG_WARN_INT_CONVERSION = YES;
				CLANG_WARN_NON_LITERAL_NULL_CONVERSION = YES;
				CLANG_WARN_OBJC_IMPLICIT_RETAIN_SELF = YES;
				CLANG_WARN_OBJC_LITERAL_CONVERSION = YES;
				CLANG_WARN_OBJC_ROOT_CLASS = YES_ERROR;
				CLANG_WARN_RANGE_LOOP_ANALYSIS = YES;
				CLANG_WARN_STRICT_PROTOTYPES = YES;
				CLANG_WARN_SUSPICIOUS_MOVE = YES;
				CLANG_WARN_UNGUARDED_AVAILABILITY = YES_AGGRESSIVE;
				CLANG_WARN_UNREACHABLE_CODE = YES;
				CLANG_WARN__DUPLICATE_METHOD_MATCH = YES;
				COPY_PHASE_STRIP = NO;
				DEBUG_INFORMATION_FORMAT = dwarf;
				ENABLE_STRICT_OBJC_MSGSEND = YES;
				ENABLE_TESTABILITY = YES;
				GCC_C_LANGUAGE_STANDARD = gnu11;
				GCC_DYNAMIC_NO_PIC = NO;
				GCC_NO_COMMON_BLOCKS = YES;
				GCC_OPTIMIZATION_LEVEL = 0;
				GCC_PREPROCESSOR_DEFINITIONS = (
					"DEBUG=1",
					"$(inherited)",
				);
				GCC_WARN_64_TO_32_BIT_CONVERSION = YES;
				GCC_WARN_ABOUT_RETURN_TYPE = YES_ERROR;
				GCC_WARN_UNDECLARED_SELECTOR = YES;
				GCC_WARN_UNINITIALIZED_AUTOS = YES_AGGRESSIVE;
				GCC_WARN_UNUSED_FUNCTION = YES;
				GCC_WARN_UNUSED_VARIABLE = YES;
				IPHONEOS_DEPLOYMENT_TARGET = 13.4;
				MTL_ENABLE_DEBUG_INFO = INCLUDE_SOURCE;
				MTL_FAST_MATH = YES;
				ONLY_ACTIVE_ARCH = YES;
				SDKROOT = iphoneos;
				SWIFT_ACTIVE_COMPILATION_CONDITIONS = DEBUG;
				SWIFT_OPTIMIZATION_LEVEL = "-Onone";
			};
			name = Debug;
		};
		371E5619247215EB00B9F4CB /* Release */ = {
			isa = XCBuildConfiguration;
			buildSettings = {
				ALWAYS_SEARCH_USER_PATHS = NO;
				CLANG_ANALYZER_NONNULL = YES;
				CLANG_ANALYZER_NUMBER_OBJECT_CONVERSION = YES_AGGRESSIVE;
				CLANG_CXX_LANGUAGE_STANDARD = "gnu++14";
				CLANG_CXX_LIBRARY = "libc++";
				CLANG_ENABLE_MODULES = YES;
				CLANG_ENABLE_OBJC_ARC = YES;
				CLANG_ENABLE_OBJC_WEAK = YES;
				CLANG_WARN_BLOCK_CAPTURE_AUTORELEASING = YES;
				CLANG_WARN_BOOL_CONVERSION = YES;
				CLANG_WARN_COMMA = YES;
				CLANG_WARN_CONSTANT_CONVERSION = YES;
				CLANG_WARN_DEPRECATED_OBJC_IMPLEMENTATIONS = YES;
				CLANG_WARN_DIRECT_OBJC_ISA_USAGE = YES_ERROR;
				CLANG_WARN_DOCUMENTATION_COMMENTS = YES;
				CLANG_WARN_EMPTY_BODY = YES;
				CLANG_WARN_ENUM_CONVERSION = YES;
				CLANG_WARN_INFINITE_RECURSION = YES;
				CLANG_WARN_INT_CONVERSION = YES;
				CLANG_WARN_NON_LITERAL_NULL_CONVERSION = YES;
				CLANG_WARN_OBJC_IMPLICIT_RETAIN_SELF = YES;
				CLANG_WARN_OBJC_LITERAL_CONVERSION = YES;
				CLANG_WARN_OBJC_ROOT_CLASS = YES_ERROR;
				CLANG_WARN_RANGE_LOOP_ANALYSIS = YES;
				CLANG_WARN_STRICT_PROTOTYPES = YES;
				CLANG_WARN_SUSPICIOUS_MOVE = YES;
				CLANG_WARN_UNGUARDED_AVAILABILITY = YES_AGGRESSIVE;
				CLANG_WARN_UNREACHABLE_CODE = YES;
				CLANG_WARN__DUPLICATE_METHOD_MATCH = YES;
				COPY_PHASE_STRIP = NO;
				DEBUG_INFORMATION_FORMAT = "dwarf-with-dsym";
				ENABLE_NS_ASSERTIONS = NO;
				ENABLE_STRICT_OBJC_MSGSEND = YES;
				GCC_C_LANGUAGE_STANDARD = gnu11;
				GCC_NO_COMMON_BLOCKS = YES;
				GCC_WARN_64_TO_32_BIT_CONVERSION = YES;
				GCC_WARN_ABOUT_RETURN_TYPE = YES_ERROR;
				GCC_WARN_UNDECLARED_SELECTOR = YES;
				GCC_WARN_UNINITIALIZED_AUTOS = YES_AGGRESSIVE;
				GCC_WARN_UNUSED_FUNCTION = YES;
				GCC_WARN_UNUSED_VARIABLE = YES;
				IPHONEOS_DEPLOYMENT_TARGET = 13.4;
				MTL_ENABLE_DEBUG_INFO = NO;
				MTL_FAST_MATH = YES;
				SDKROOT = iphoneos;
				SWIFT_COMPILATION_MODE = wholemodule;
				SWIFT_OPTIMIZATION_LEVEL = "-O";
				VALIDATE_PRODUCT = YES;
			};
			name = Release;
		};
		371E561B247215EB00B9F4CB /* Debug */ = {
			isa = XCBuildConfiguration;
			baseConfigurationReference = 7D0E7168EA0EFB65064CC0C4 /* Pods-MapNews.debug.xcconfig */;
			buildSettings = {
				ASSETCATALOG_COMPILER_APPICON_NAME = AppIcon;
				CODE_SIGN_STYLE = Automatic;
				DEVELOPMENT_TEAM = 4YRGJRHD4K;
				INFOPLIST_FILE = MapNews/Info.plist;
				LD_RUNPATH_SEARCH_PATHS = (
					"$(inherited)",
					"@executable_path/Frameworks",
				);
				PRODUCT_BUNDLE_IDENTIFIER = hoholyin.MapNews;
				PRODUCT_NAME = "$(TARGET_NAME)";
				SWIFT_VERSION = 5.0;
				TARGETED_DEVICE_FAMILY = "1,2";
			};
			name = Debug;
		};
		371E561C247215EB00B9F4CB /* Release */ = {
			isa = XCBuildConfiguration;
			baseConfigurationReference = 1A63A82DAAA82F40AA04CE64 /* Pods-MapNews.release.xcconfig */;
			buildSettings = {
				ASSETCATALOG_COMPILER_APPICON_NAME = AppIcon;
				CODE_SIGN_STYLE = Automatic;
				DEVELOPMENT_TEAM = 4YRGJRHD4K;
				INFOPLIST_FILE = MapNews/Info.plist;
				LD_RUNPATH_SEARCH_PATHS = (
					"$(inherited)",
					"@executable_path/Frameworks",
				);
				PRODUCT_BUNDLE_IDENTIFIER = hoholyin.MapNews;
				PRODUCT_NAME = "$(TARGET_NAME)";
				SWIFT_VERSION = 5.0;
				TARGETED_DEVICE_FAMILY = "1,2";
			};
			name = Release;
		};
		371E561E247215EB00B9F4CB /* Debug */ = {
			isa = XCBuildConfiguration;
			baseConfigurationReference = DF7E286B35E3AB65E5C834C9 /* Pods-MapNewsTests.debug.xcconfig */;
			buildSettings = {
				ALWAYS_EMBED_SWIFT_STANDARD_LIBRARIES = YES;
				BUNDLE_LOADER = "$(TEST_HOST)";
				CODE_SIGN_STYLE = Automatic;
				DEVELOPMENT_TEAM = 4YRGJRHD4K;
				INFOPLIST_FILE = MapNewsTests/Info.plist;
				IPHONEOS_DEPLOYMENT_TARGET = 13.4;
				LD_RUNPATH_SEARCH_PATHS = (
					"$(inherited)",
					"@executable_path/Frameworks",
					"@loader_path/Frameworks",
				);
				PRODUCT_BUNDLE_IDENTIFIER = hoholyin.MapNewsTests;
				PRODUCT_NAME = "$(TARGET_NAME)";
				SWIFT_VERSION = 5.0;
				TARGETED_DEVICE_FAMILY = "1,2";
				TEST_HOST = "$(BUILT_PRODUCTS_DIR)/MapNews.app/MapNews";
			};
			name = Debug;
		};
		371E561F247215EB00B9F4CB /* Release */ = {
			isa = XCBuildConfiguration;
			baseConfigurationReference = 50C26E272D89183F234A779C /* Pods-MapNewsTests.release.xcconfig */;
			buildSettings = {
				ALWAYS_EMBED_SWIFT_STANDARD_LIBRARIES = YES;
				BUNDLE_LOADER = "$(TEST_HOST)";
				CODE_SIGN_STYLE = Automatic;
				DEVELOPMENT_TEAM = 4YRGJRHD4K;
				INFOPLIST_FILE = MapNewsTests/Info.plist;
				IPHONEOS_DEPLOYMENT_TARGET = 13.4;
				LD_RUNPATH_SEARCH_PATHS = (
					"$(inherited)",
					"@executable_path/Frameworks",
					"@loader_path/Frameworks",
				);
				PRODUCT_BUNDLE_IDENTIFIER = hoholyin.MapNewsTests;
				PRODUCT_NAME = "$(TARGET_NAME)";
				SWIFT_VERSION = 5.0;
				TARGETED_DEVICE_FAMILY = "1,2";
				TEST_HOST = "$(BUILT_PRODUCTS_DIR)/MapNews.app/MapNews";
			};
			name = Release;
		};
		371E5621247215EB00B9F4CB /* Debug */ = {
			isa = XCBuildConfiguration;
			baseConfigurationReference = 4637BBD22D4975B2D12E6F11 /* Pods-MapNews-MapNewsUITests.debug.xcconfig */;
			buildSettings = {
				ALWAYS_EMBED_SWIFT_STANDARD_LIBRARIES = YES;
				CODE_SIGN_STYLE = Automatic;
				DEVELOPMENT_TEAM = 4YRGJRHD4K;
				INFOPLIST_FILE = MapNewsUITests/Info.plist;
				LD_RUNPATH_SEARCH_PATHS = (
					"$(inherited)",
					"@executable_path/Frameworks",
					"@loader_path/Frameworks",
				);
				PRODUCT_BUNDLE_IDENTIFIER = hoholyin.MapNewsUITests;
				PRODUCT_NAME = "$(TARGET_NAME)";
				SWIFT_VERSION = 5.0;
				TARGETED_DEVICE_FAMILY = "1,2";
				TEST_TARGET_NAME = MapNews;
			};
			name = Debug;
		};
		371E5622247215EB00B9F4CB /* Release */ = {
			isa = XCBuildConfiguration;
			baseConfigurationReference = 40A5C6758D0A64AD48DA5AAD /* Pods-MapNews-MapNewsUITests.release.xcconfig */;
			buildSettings = {
				ALWAYS_EMBED_SWIFT_STANDARD_LIBRARIES = YES;
				CODE_SIGN_STYLE = Automatic;
				DEVELOPMENT_TEAM = 4YRGJRHD4K;
				INFOPLIST_FILE = MapNewsUITests/Info.plist;
				LD_RUNPATH_SEARCH_PATHS = (
					"$(inherited)",
					"@executable_path/Frameworks",
					"@loader_path/Frameworks",
				);
				PRODUCT_BUNDLE_IDENTIFIER = hoholyin.MapNewsUITests;
				PRODUCT_NAME = "$(TARGET_NAME)";
				SWIFT_VERSION = 5.0;
				TARGETED_DEVICE_FAMILY = "1,2";
				TEST_TARGET_NAME = MapNews;
			};
			name = Release;
		};
/* End XCBuildConfiguration section */

/* Begin XCConfigurationList section */
		371E55EB247215EA00B9F4CB /* Build configuration list for PBXProject "MapNews" */ = {
			isa = XCConfigurationList;
			buildConfigurations = (
				371E5618247215EB00B9F4CB /* Debug */,
				371E5619247215EB00B9F4CB /* Release */,
			);
			defaultConfigurationIsVisible = 0;
			defaultConfigurationName = Release;
		};
		371E561A247215EB00B9F4CB /* Build configuration list for PBXNativeTarget "MapNews" */ = {
			isa = XCConfigurationList;
			buildConfigurations = (
				371E561B247215EB00B9F4CB /* Debug */,
				371E561C247215EB00B9F4CB /* Release */,
			);
			defaultConfigurationIsVisible = 0;
			defaultConfigurationName = Release;
		};
		371E561D247215EB00B9F4CB /* Build configuration list for PBXNativeTarget "MapNewsTests" */ = {
			isa = XCConfigurationList;
			buildConfigurations = (
				371E561E247215EB00B9F4CB /* Debug */,
				371E561F247215EB00B9F4CB /* Release */,
			);
			defaultConfigurationIsVisible = 0;
			defaultConfigurationName = Release;
		};
		371E5620247215EB00B9F4CB /* Build configuration list for PBXNativeTarget "MapNewsUITests" */ = {
			isa = XCConfigurationList;
			buildConfigurations = (
				371E5621247215EB00B9F4CB /* Debug */,
				371E5622247215EB00B9F4CB /* Release */,
			);
			defaultConfigurationIsVisible = 0;
			defaultConfigurationName = Release;
		};
/* End XCConfigurationList section */
	};
	rootObject = 371E55E8247215EA00B9F4CB /* Project object */;
}
